
Microsoft Visual Studio Solution File, Format Version 12.00
# Visual Studio Version 16
VisualStudioVersion = 16.0.31313.79
MinimumVisualStudioVersion = 10.0.40219.1
Project("{FAE04EC0-301F-11D3-BF4B-00C04F79EFBC}") = "FeedBackMVC", "FeedBackMVC.csproj", "{69CAA714-585B-4AFC-859D-FCA6BF5F3110}"
EndProject
Global
	GlobalSection(SolutionConfigurationPlatforms) = preSolution
		Debug|Any CPU = Debug|Any CPU
		Release|Any CPU = Release|Any CPU
	EndGlobalSection
	GlobalSection(ProjectConfigurationPlatforms) = postSolution
		{69CAA714-585B-4AFC-859D-FCA6BF5F3110}.Debug|Any CPU.ActiveCfg = Debug|Any CPU
		{69CAA714-585B-4AFC-859D-FCA6BF5F3110}.Debug|Any CPU.Build.0 = Debug|Any CPU
		{69CAA714-585B-4AFC-859D-FCA6BF5F3110}.Release|Any CPU.ActiveCfg = Release|Any CPU
		{69CAA714-585B-4AFC-859D-FCA6BF5F3110}.Release|Any CPU.Build.0 = Release|Any CPU
	EndGlobalSection
	GlobalSection(SolutionProperties) = preSolution
		HideSolutionNode = FALSE
	EndGlobalSection
	GlobalSection(ExtensibilityGlobals) = postSolution
		SolutionGuid = {62C0D383-71C2-4539-808A-7A4A5BCBC657}
	EndGlobalSection
EndGlobal
